// !$*UTF8*$!
{
	archiveVersion = 1;
	classes = {
	};
	objectVersion = 48;
	objects = {

/* Begin PBXBuildFile section */
		70E9D4FB20A608D000D0243D /* AppDelegate.swift in Sources */ = {isa = PBXBuildFile; fileRef = 70E9D4FA20A608D000D0243D /* AppDelegate.swift */; };
		70E9D4FD20A608D000D0243D /* ViewController.swift in Sources */ = {isa = PBXBuildFile; fileRef = 70E9D4FC20A608D000D0243D /* ViewController.swift */; };
		70E9D50020A608D000D0243D /* Main.storyboard in Resources */ = {isa = PBXBuildFile; fileRef = 70E9D4FE20A608D000D0243D /* Main.storyboard */; };
		70E9D50220A608D000D0243D /* Assets.xcassets in Resources */ = {isa = PBXBuildFile; fileRef = 70E9D50120A608D000D0243D /* Assets.xcassets */; };
		70E9D50520A608D000D0243D /* LaunchScreen.storyboard in Resources */ = {isa = PBXBuildFile; fileRef = 70E9D50320A608D000D0243D /* LaunchScreen.storyboard */; };
		AA4A4BC120CAC52700EEE4C7 /* Veripath.framework in Frameworks */ = {isa = PBXBuildFile; fileRef = AA4A4BB720CAB4EC00EEE4C7 /* Veripath.framework */; };
		AA4A4BC220CAC52700EEE4C7 /* Veripath.framework in Embed Frameworks */ = {isa = PBXBuildFile; fileRef = AA4A4BB720CAB4EC00EEE4C7 /* Veripath.framework */; settings = {ATTRIBUTES = (CodeSignOnCopy, RemoveHeadersOnCopy, ); }; };
/* End PBXBuildFile section */

/* Begin PBXCopyFilesBuildPhase section */
		AA4A4BC320CAC52700EEE4C7 /* Embed Frameworks */ = {
			isa = PBXCopyFilesBuildPhase;
			buildActionMask = 2147483647;
			dstPath = "";
			dstSubfolderSpec = 10;
			files = (
				AA4A4BC220CAC52700EEE4C7 /* Veripath.framework in Embed Frameworks */,
			);
			name = "Embed Frameworks";
			runOnlyForDeploymentPostprocessing = 0;
		};
/* End PBXCopyFilesBuildPhase section */

/* Begin PBXFileReference section */
		70E9D4F720A608D000D0243D /* veripathsample.app */ = {isa = PBXFileReference; explicitFileType = wrapper.application; includeInIndex = 0; path = veripathsample.app; sourceTree = BUILT_PRODUCTS_DIR; };
		70E9D4FA20A608D000D0243D /* AppDelegate.swift */ = {isa = PBXFileReference; lastKnownFileType = sourcecode.swift; path = AppDelegate.swift; sourceTree = "<group>"; };
		70E9D4FC20A608D000D0243D /* ViewController.swift */ = {isa = PBXFileReference; lastKnownFileType = sourcecode.swift; path = ViewController.swift; sourceTree = "<group>"; };
		70E9D4FF20A608D000D0243D /* Base */ = {isa = PBXFileReference; lastKnownFileType = file.storyboard; name = Base; path = Base.lproj/Main.storyboard; sourceTree = "<group>"; };
		70E9D50120A608D000D0243D /* Assets.xcassets */ = {isa = PBXFileReference; lastKnownFileType = folder.assetcatalog; path = Assets.xcassets; sourceTree = "<group>"; };
		70E9D50420A608D000D0243D /* Base */ = {isa = PBXFileReference; lastKnownFileType = file.storyboard; name = Base; path = Base.lproj/LaunchScreen.storyboard; sourceTree = "<group>"; };
		70E9D50620A608D000D0243D /* Info.plist */ = {isa = PBXFileReference; lastKnownFileType = text.plist.xml; path = Info.plist; sourceTree = "<group>"; };
		70E9D50F20A608D000D0243D /* veripathsampleTests.swift */ = {isa = PBXFileReference; lastKnownFileType = sourcecode.swift; path = veripathsampleTests.swift; sourceTree = "<group>"; };
		70E9D51120A608D000D0243D /* Info.plist */ = {isa = PBXFileReference; lastKnownFileType = text.plist.xml; path = Info.plist; sourceTree = "<group>"; };
		70E9D51A20A608D000D0243D /* veripathsampleUITests.swift */ = {isa = PBXFileReference; lastKnownFileType = sourcecode.swift; path = veripathsampleUITests.swift; sourceTree = "<group>"; };
		70E9D51C20A608D000D0243D /* Info.plist */ = {isa = PBXFileReference; lastKnownFileType = text.plist.xml; path = Info.plist; sourceTree = "<group>"; };
		AA4A4BB720CAB4EC00EEE4C7 /* Veripath.framework */ = {isa = PBXFileReference; lastKnownFileType = wrapper.framework; path = Veripath.framework; sourceTree = "<group>"; };
/* End PBXFileReference section */

/* Begin PBXFrameworksBuildPhase section */
		70E9D4F420A608D000D0243D /* Frameworks */ = {
			isa = PBXFrameworksBuildPhase;
			buildActionMask = 2147483647;
			files = (
				AA4A4BC120CAC52700EEE4C7 /* Veripath.framework in Frameworks */,
			);
			runOnlyForDeploymentPostprocessing = 0;
		};
/* End PBXFrameworksBuildPhase section */

/* Begin PBXGroup section */
		708A6EF720C4C43F00A74363 /* Frameworks */ = {
			isa = PBXGroup;
			children = (
				AA4A4BB720CAB4EC00EEE4C7 /* Veripath.framework */,
			);
			path = Frameworks;
			sourceTree = "<group>";
		};
		70E9D4EE20A608D000D0243D = {
			isa = PBXGroup;
			children = (
				70E9D4F920A608D000D0243D /* veripathsample */,
				70E9D50E20A608D000D0243D /* veripathsampleTests */,
				70E9D51920A608D000D0243D /* veripathsampleUITests */,
				70E9D4F820A608D000D0243D /* Products */,
				708A6EF720C4C43F00A74363 /* Frameworks */,
			);
			sourceTree = "<group>";
		};
		70E9D4F820A608D000D0243D /* Products */ = {
			isa = PBXGroup;
			children = (
				70E9D4F720A608D000D0243D /* veripathsample.app */,
			);
			name = Products;
			sourceTree = "<group>";
		};
		70E9D4F920A608D000D0243D /* veripathsample */ = {
			isa = PBXGroup;
			children = (
				70E9D4FA20A608D000D0243D /* AppDelegate.swift */,
				70E9D4FC20A608D000D0243D /* ViewController.swift */,
				70E9D4FE20A608D000D0243D /* Main.storyboard */,
				70E9D50120A608D000D0243D /* Assets.xcassets */,
				70E9D50320A608D000D0243D /* LaunchScreen.storyboard */,
				70E9D50620A608D000D0243D /* Info.plist */,
			);
			path = veripathsample;
			sourceTree = "<group>";
		};
		70E9D50E20A608D000D0243D /* veripathsampleTests */ = {
			isa = PBXGroup;
			children = (
				70E9D50F20A608D000D0243D /* veripathsampleTests.swift */,
				70E9D51120A608D000D0243D /* Info.plist */,
			);
			path = veripathsampleTests;
			sourceTree = "<group>";
		};
		70E9D51920A608D000D0243D /* veripathsampleUITests */ = {
			isa = PBXGroup;
			children = (
				70E9D51A20A608D000D0243D /* veripathsampleUITests.swift */,
				70E9D51C20A608D000D0243D /* Info.plist */,
			);
			path = veripathsampleUITests;
			sourceTree = "<group>";
		};
/* End PBXGroup section */

/* Begin PBXNativeTarget section */
		70E9D4F620A608D000D0243D /* veripathsample */ = {
			isa = PBXNativeTarget;
			buildConfigurationList = 70E9D51F20A608D000D0243D /* Build configuration list for PBXNativeTarget "veripathsample" */;
			buildPhases = (
				70E9D4F320A608D000D0243D /* Sources */,
				70E9D4F420A608D000D0243D /* Frameworks */,
				70E9D4F520A608D000D0243D /* Resources */,
				AA4A4BC320CAC52700EEE4C7 /* Embed Frameworks */,
			);
			buildRules = (
			);
			dependencies = (
			);
			name = veripathsample;
			productName = veripathsample;
			productReference = 70E9D4F720A608D000D0243D /* veripathsample.app */;
			productType = "com.apple.product-type.application";
		};
/* End PBXNativeTarget section */

/* Begin PBXProject section */
		70E9D4EF20A608D000D0243D /* Project object */ = {
			isa = PBXProject;
			attributes = {
				LastSwiftUpdateCheck = 0920;
				LastUpgradeCheck = 0940;
				ORGANIZATIONNAME = "Haasith Sanka";
				TargetAttributes = {
					70E9D4F620A608D000D0243D = {
						CreatedOnToolsVersion = 9.2;
						ProvisioningStyle = Automatic;
					};
				};
			};
			buildConfigurationList = 70E9D4F220A608D000D0243D /* Build configuration list for PBXProject "veripathsample" */;
			compatibilityVersion = "Xcode 8.0";
			developmentRegion = en;
			hasScannedForEncodings = 0;
			knownRegions = (
				en,
				Base,
			);
			mainGroup = 70E9D4EE20A608D000D0243D;
			productRefGroup = 70E9D4F820A608D000D0243D /* Products */;
			projectDirPath = "";
			projectRoot = "";
			targets = (
				70E9D4F620A608D000D0243D /* veripathsample */,
			);
		};
/* End PBXProject section */

/* Begin PBXResourcesBuildPhase section */
		70E9D4F520A608D000D0243D /* Resources */ = {
			isa = PBXResourcesBuildPhase;
			buildActionMask = 2147483647;
			files = (
				70E9D50520A608D000D0243D /* LaunchScreen.storyboard in Resources */,
				70E9D50220A608D000D0243D /* Assets.xcassets in Resources */,
				70E9D50020A608D000D0243D /* Main.storyboard in Resources */,
			);
			runOnlyForDeploymentPostprocessing = 0;
		};
/* End PBXResourcesBuildPhase section */

/* Begin PBXSourcesBuildPhase section */
		70E9D4F320A608D000D0243D /* Sources */ = {
			isa = PBXSourcesBuildPhase;
			buildActionMask = 2147483647;
			files = (
				70E9D4FD20A608D000D0243D /* ViewController.swift in Sources */,
				70E9D4FB20A608D000D0243D /* AppDelegate.swift in Sources */,
			);
			runOnlyForDeploymentPostprocessing = 0;
		};
/* End PBXSourcesBuildPhase section */

/* Begin PBXVariantGroup section */
		70E9D4FE20A608D000D0243D /* Main.storyboard */ = {
			isa = PBXVariantGroup;
			children = (
				70E9D4FF20A608D000D0243D /* Base */,
			);
			name = Main.storyboard;
			sourceTree = "<group>";
		};
		70E9D50320A608D000D0243D /* LaunchScreen.storyboard */ = {
			isa = PBXVariantGroup;
			children = (
				70E9D50420A608D000D0243D /* Base */,
			);
			name = LaunchScreen.storyboard;
			sourceTree = "<group>";
		};
/* End PBXVariantGroup section */

/* Begin XCBuildConfiguration section */
		70E9D51D20A608D000D0243D /* Debug */ = {
			isa = XCBuildConfiguration;
			buildSettings = {
				ALWAYS_SEARCH_USER_PATHS = NO;
				CLANG_ANALYZER_NONNULL = YES;
				CLANG_ANALYZER_NUMBER_OBJECT_CONVERSION = YES_AGGRESSIVE;
				CLANG_CXX_LANGUAGE_STANDARD = "gnu++14";
				CLANG_CXX_LIBRARY = "libc++";
				CLANG_ENABLE_MODULES = YES;
				CLANG_ENABLE_OBJC_ARC = YES;
				CLANG_WARN_BLOCK_CAPTURE_AUTORELEASING = YES;
				CLANG_WARN_BOOL_CONVERSION = YES;
				CLANG_WARN_COMMA = YES;
				CLANG_WARN_CONSTANT_CONVERSION = YES;
				CLANG_WARN_DEPRECATED_OBJC_IMPLEMENTATIONS = YES;
				CLANG_WARN_DIRECT_OBJC_ISA_USAGE = YES_ERROR;
				CLANG_WARN_DOCUMENTATION_COMMENTS = YES;
				CLANG_WARN_EMPTY_BODY = YES;
				CLANG_WARN_ENUM_CONVERSION = YES;
				CLANG_WARN_INFINITE_RECURSION = YES;
				CLANG_WARN_INT_CONVERSION = YES;
				CLANG_WARN_NON_LITERAL_NULL_CONVERSION = YES;
				CLANG_WARN_OBJC_IMPLICIT_RETAIN_SELF = YES;
				CLANG_WARN_OBJC_LITERAL_CONVERSION = YES;
				CLANG_WARN_OBJC_ROOT_CLASS = YES_ERROR;
				CLANG_WARN_RANGE_LOOP_ANALYSIS = YES;
				CLANG_WARN_STRICT_PROTOTYPES = YES;
				CLANG_WARN_SUSPICIOUS_MOVE = YES;
				CLANG_WARN_UNGUARDED_AVAILABILITY = YES_AGGRESSIVE;
				CLANG_WARN_UNREACHABLE_CODE = YES;
				CLANG_WARN__DUPLICATE_METHOD_MATCH = YES;
				CODE_SIGN_IDENTITY = "iPhone Developer";
				COPY_PHASE_STRIP = NO;
				DEBUG_INFORMATION_FORMAT = dwarf;
				ENABLE_STRICT_OBJC_MSGSEND = YES;
				ENABLE_TESTABILITY = YES;
				GCC_C_LANGUAGE_STANDARD = gnu11;
				GCC_DYNAMIC_NO_PIC = NO;
				GCC_NO_COMMON_BLOCKS = YES;
				GCC_OPTIMIZATION_LEVEL = 0;
				GCC_PREPROCESSOR_DEFINITIONS = (
					"DEBUG=1",
					"$(inherited)",
				);
				GCC_WARN_64_TO_32_BIT_CONVERSION = YES;
				GCC_WARN_ABOUT_RETURN_TYPE = YES_ERROR;
				GCC_WARN_UNDECLARED_SELECTOR = YES;
				GCC_WARN_UNINITIALIZED_AUTOS = YES_AGGRESSIVE;
				GCC_WARN_UNUSED_FUNCTION = YES;
				GCC_WARN_UNUSED_VARIABLE = YES;
				IPHONEOS_DEPLOYMENT_TARGET = 11.2;
				MTL_ENABLE_DEBUG_INFO = YES;
				ONLY_ACTIVE_ARCH = YES;
				SDKROOT = iphoneos;
				SWIFT_ACTIVE_COMPILATION_CONDITIONS = DEBUG;
				SWIFT_OPTIMIZATION_LEVEL = "-Onone";
			};
			name = Debug;
		};
		70E9D51E20A608D000D0243D /* Release */ = {
			isa = XCBuildConfiguration;
			buildSettings = {
				ALWAYS_SEARCH_USER_PATHS = NO;
				CLANG_ANALYZER_NONNULL = YES;
				CLANG_ANALYZER_NUMBER_OBJECT_CONVERSION = YES_AGGRESSIVE;
				CLANG_CXX_LANGUAGE_STANDARD = "gnu++14";
				CLANG_CXX_LIBRARY = "libc++";
				CLANG_ENABLE_MODULES = YES;
				CLANG_ENABLE_OBJC_ARC = YES;
				CLANG_WARN_BLOCK_CAPTURE_AUTORELEASING = YES;
				CLANG_WARN_BOOL_CONVERSION = YES;
				CLANG_WARN_COMMA = YES;
				CLANG_WARN_CONSTANT_CONVERSION = YES;
				CLANG_WARN_DEPRECATED_OBJC_IMPLEMENTATIONS = YES;
				CLANG_WARN_DIRECT_OBJC_ISA_USAGE = YES_ERROR;
				CLANG_WARN_DOCUMENTATION_COMMENTS = YES;
				CLANG_WARN_EMPTY_BODY = YES;
				CLANG_WARN_ENUM_CONVERSION = YES;
				CLANG_WARN_INFINITE_RECURSION = YES;
				CLANG_WARN_INT_CONVERSION = YES;
				CLANG_WARN_NON_LITERAL_NULL_CONVERSION = YES;
				CLANG_WARN_OBJC_IMPLICIT_RETAIN_SELF = YES;
				CLANG_WARN_OBJC_LITERAL_CONVERSION = YES;
				CLANG_WARN_OBJC_ROOT_CLASS = YES_ERROR;
				CLANG_WARN_RANGE_LOOP_ANALYSIS = YES;
				CLANG_WARN_STRICT_PROTOTYPES = YES;
				CLANG_WARN_SUSPICIOUS_MOVE = YES;
				CLANG_WARN_UNGUARDED_AVAILABILITY = YES_AGGRESSIVE;
				CLANG_WARN_UNREACHABLE_CODE = YES;
				CLANG_WARN__DUPLICATE_METHOD_MATCH = YES;
				CODE_SIGN_IDENTITY = "iPhone Developer";
				COPY_PHASE_STRIP = NO;
				DEBUG_INFORMATION_FORMAT = "dwarf-with-dsym";
				ENABLE_NS_ASSERTIONS = NO;
				ENABLE_STRICT_OBJC_MSGSEND = YES;
				GCC_C_LANGUAGE_STANDARD = gnu11;
				GCC_NO_COMMON_BLOCKS = YES;
				GCC_WARN_64_TO_32_BIT_CONVERSION = YES;
				GCC_WARN_ABOUT_RETURN_TYPE = YES_ERROR;
				GCC_WARN_UNDECLARED_SELECTOR = YES;
				GCC_WARN_UNINITIALIZED_AUTOS = YES_AGGRESSIVE;
				GCC_WARN_UNUSED_FUNCTION = YES;
				GCC_WARN_UNUSED_VARIABLE = YES;
				IPHONEOS_DEPLOYMENT_TARGET = 11.2;
				MTL_ENABLE_DEBUG_INFO = NO;
				SDKROOT = iphoneos;
				SWIFT_OPTIMIZATION_LEVEL = "-Owholemodule";
				VALIDATE_PRODUCT = YES;
			};
			name = Release;
		};
		70E9D52020A608D000D0243D /* Debug */ = {
			isa = XCBuildConfiguration;
			buildSettings = {
				ASSETCATALOG_COMPILER_APPICON_NAME = AppIcon;
				CODE_SIGN_STYLE = Automatic;
				DEVELOPMENT_TEAM = "";
				FRAMEWORK_SEARCH_PATHS = (
					"$(PROJECT_DIR)",
					"$(PROJECT_DIR)/Frameworks",
				);
				INFOPLIST_FILE = veripathsample/Info.plist;
				LD_RUNPATH_SEARCH_PATHS = "$(inherited) @executable_path/Frameworks";
				OTHER_LDFLAGS = "-ObjC";
				PRODUCT_BUNDLE_IDENTIFIER = com.venpath.veripathsample;
				PRODUCT_NAME = "$(TARGET_NAME)";
				SWIFT_VERSION = 4.0;
				TARGETED_DEVICE_FAMILY = "1,2";
			};
			name = Debug;
		};
		70E9D52120A608D000D0243D /* Release */ = {
			isa = XCBuildConfiguration;
			buildSettings = {
				ASSETCATALOG_COMPILER_APPICON_NAME = AppIcon;
				CODE_SIGN_STYLE = Automatic;
				DEVELOPMENT_TEAM = "";
				FRAMEWORK_SEARCH_PATHS = (
					"$(PROJECT_DIR)",
					"$(PROJECT_DIR)/Frameworks",
				);
				INFOPLIST_FILE = veripathsample/Info.plist;
				LD_RUNPATH_SEARCH_PATHS = "$(inherited) @executable_path/Frameworks";
				OTHER_LDFLAGS = "-ObjC";
				PRODUCT_BUNDLE_IDENTIFIER = com.venpath.veripathsample;
				PRODUCT_NAME = "$(TARGET_NAME)";
				SWIFT_VERSION = 4.0;
				TARGETED_DEVICE_FAMILY = "1,2";
			};
			name = Release;
		};
/* End XCBuildConfiguration section */

/* Begin XCConfigurationList section */
		70E9D4F220A608D000D0243D /* Build configuration list for PBXProject "veripathsample" */ = {
			isa = XCConfigurationList;
			buildConfigurations = (
				70E9D51D20A608D000D0243D /* Debug */,
				70E9D51E20A608D000D0243D /* Release */,
			);
			defaultConfigurationIsVisible = 0;
			defaultConfigurationName = Release;
		};
		70E9D51F20A608D000D0243D /* Build configuration list for PBXNativeTarget "veripathsample" */ = {
			isa = XCConfigurationList;
			buildConfigurations = (
				70E9D52020A608D000D0243D /* Debug */,
				70E9D52120A608D000D0243D /* Release */,
			);
			defaultConfigurationIsVisible = 0;
			defaultConfigurationName = Release;
		};
/* End XCConfigurationList section */
	};
	rootObject = 70E9D4EF20A608D000D0243D /* Project object */;
}
